
Microsoft Visual Studio Solution File, Format Version 12.00
# Visual Studio 15
VisualStudioVersion = 15.0.28307.168
MinimumVisualStudioVersion = 10.0.40219.1
Project("{8BC9CEB8-8B4A-11D0-8D11-00A0C91BC942}") = "Chapter 4- Integration", "Chapter 4- Integration\Chapter 4- Integration.vcxproj", "{4E5D26F8-A7F0-402E-9069-71F0AC27BDB4}"
EndProject
Global
	GlobalSection(SolutionConfigurationPlatforms) = preSolution
		Debug|x64 = Debug|x64
		Debug|x86 = Debug|x86
		Release|x64 = Release|x64
		Release|x86 = Release|x86
	EndGlobalSection
	GlobalSection(ProjectConfigurationPlatforms) = postSolution
		{4E5D26F8-A7F0-402E-9069-71F0AC27BDB4}.Debug|x64.ActiveCfg = Debug|x64
		{4E5D26F8-A7F0-402E-9069-71F0AC27BDB4}.Debug|x64.Build.0 = Debug|x64
		{4E5D26F8-A7F0-402E-9069-71F0AC27BDB4}.Debug|x86.ActiveCfg = Debug|Win32
		{4E5D26F8-A7F0-402E-9069-71F0AC27BDB4}.Debug|x86.Build.0 = Debug|Win32
		{4E5D26F8-A7F0-402E-9069-71F0AC27BDB4}.Release|x64.ActiveCfg = Release|x64
		{4E5D26F8-A7F0-402E-9069-71F0AC27BDB4}.Release|x64.Build.0 = Release|x64
		{4E5D26F8-A7F0-402E-9069-71F0AC27BDB4}.Release|x86.ActiveCfg = Release|Win32
		{4E5D26F8-A7F0-402E-9069-71F0AC27BDB4}.Release|x86.Build.0 = Release|Win32
	EndGlobalSection
	GlobalSection(SolutionProperties) = preSolution
		HideSolutionNode = FALSE
	EndGlobalSection
	GlobalSection(ExtensibilityGlobals) = postSolution
		SolutionGuid = {3B2F7812-EF08-4757-98E2-CC8E77999F1E}
	EndGlobalSection
EndGlobal
